// !$*UTF8*$!
{
	archiveVersion = 1;
	classes = {
	};
	objectVersion = 56;
	objects = {

/* Begin PBXBuildFile section */
		A10000000000000000000101 /* AppMain.swift in Sources */ = {isa = PBXBuildFile; fileRef = A10000000000000000000001 /* AppMain.swift */; };
		A10000000000000000000102 /* AppDelegate.swift in Sources */ = {isa = PBXBuildFile; fileRef = A10000000000000000000002 /* AppDelegate.swift */; };
		A10000000000000000000103 /* CaptureService.swift in Sources */ = {isa = PBXBuildFile; fileRef = A10000000000000000000003 /* CaptureService.swift */; };
		A10000000000000000000104 /* EditorWindowController.swift in Sources */ = {isa = PBXBuildFile; fileRef = A10000000000000000000004 /* EditorWindowController.swift */; };
		A10000000000000000000105 /* HotKeyManager.swift in Sources */ = {isa = PBXBuildFile; fileRef = A10000000000000000000005 /* HotKeyManager.swift */; };
		A10000000000000000000106 /* RegionCaptureController.swift in Sources */ = {isa = PBXBuildFile; fileRef = A10000000000000000000006 /* RegionCaptureController.swift */; };
		A10000000000000000000107 /* SettingsStore.swift in Sources */ = {isa = PBXBuildFile; fileRef = A10000000000000000000007 /* SettingsStore.swift */; };
		A10000000000000000000108 /* PrivacyInfo.xcprivacy in Resources */ = {isa = PBXBuildFile; fileRef = A1000000000000000000000A /* PrivacyInfo.xcprivacy */; };
		A10000000000000000000109 /* Assets.xcassets in Resources */ = {isa = PBXBuildFile; fileRef = A10000000000000000000010 /* Assets.xcassets */; };
/* End PBXBuildFile section */

/* Begin PBXFileReference section */
		A10000000000000000000001 /* AppMain.swift */ = {isa = PBXFileReference; lastKnownFileType = sourcecode.swift; path = AppMain.swift; sourceTree = "<group>"; };
		A10000000000000000000002 /* AppDelegate.swift */ = {isa = PBXFileReference; lastKnownFileType = sourcecode.swift; path = AppDelegate.swift; sourceTree = "<group>"; };
		A10000000000000000000003 /* CaptureService.swift */ = {isa = PBXFileReference; lastKnownFileType = sourcecode.swift; path = CaptureService.swift; sourceTree = "<group>"; };
		A10000000000000000000004 /* EditorWindowController.swift */ = {isa = PBXFileReference; lastKnownFileType = sourcecode.swift; path = EditorWindowController.swift; sourceTree = "<group>"; };
		A10000000000000000000005 /* HotKeyManager.swift */ = {isa = PBXFileReference; lastKnownFileType = sourcecode.swift; path = HotKeyManager.swift; sourceTree = "<group>"; };
		A10000000000000000000006 /* RegionCaptureController.swift */ = {isa = PBXFileReference; lastKnownFileType = sourcecode.swift; path = RegionCaptureController.swift; sourceTree = "<group>"; };
		A10000000000000000000007 /* SettingsStore.swift */ = {isa = PBXFileReference; lastKnownFileType = sourcecode.swift; path = SettingsStore.swift; sourceTree = "<group>"; };
		A10000000000000000000008 /* Info.plist */ = {isa = PBXFileReference; lastKnownFileType = text.plist.xml; path = Info.plist; sourceTree = "<group>"; };
		A10000000000000000000009 /* LocalShot.entitlements */ = {isa = PBXFileReference; lastKnownFileType = text.plist.entitlements; path = LocalShot.entitlements; sourceTree = "<group>"; };
		A1000000000000000000000A /* PrivacyInfo.xcprivacy */ = {isa = PBXFileReference; lastKnownFileType = text.xml; path = PrivacyInfo.xcprivacy; sourceTree = "<group>"; };
		A1000000000000000000000B /* README.md */ = {isa = PBXFileReference; lastKnownFileType = net.daringfireball.markdown; path = README.md; sourceTree = "<group>"; };
		A1000000000000000000000C /* PRIVACY.md */ = {isa = PBXFileReference; lastKnownFileType = net.daringfireball.markdown; path = PRIVACY.md; sourceTree = "<group>"; };
		A1000000000000000000000D /* TESTING.md */ = {isa = PBXFileReference; lastKnownFileType = net.daringfireball.markdown; path = TESTING.md; sourceTree = "<group>"; };
		A1000000000000000000000E /* SECURITY_AUDIT.md */ = {isa = PBXFileReference; lastKnownFileType = net.daringfireball.markdown; path = SECURITY_AUDIT.md; sourceTree = "<group>"; };
		A1000000000000000000000F /* LocalShot.app */ = {isa = PBXFileReference; explicitFileType = wrapper.application; includeInIndex = 0; path = LocalShot.app; sourceTree = BUILT_PRODUCTS_DIR; };
		A10000000000000000000010 /* Assets.xcassets */ = {isa = PBXFileReference; lastKnownFileType = folder.assetcatalog; path = Assets.xcassets; sourceTree = "<group>"; };
/* End PBXFileReference section */

/* Begin PBXFrameworksBuildPhase section */
		A10000000000000000000203 /* Frameworks */ = {
			isa = PBXFrameworksBuildPhase;
			buildActionMask = 2147483647;
			files = (
			);
			runOnlyForDeploymentPostprocessing = 0;
		};
/* End PBXFrameworksBuildPhase section */

/* Begin PBXGroup section */
		A10000000000000000000300 = {
			isa = PBXGroup;
			children = (
				A10000000000000000000301 /* Sources */,
				A10000000000000000000302 /* Config */,
				A10000000000000000000305 /* Assets */,
				A1000000000000000000000B /* README.md */,
				A1000000000000000000000C /* PRIVACY.md */,
				A1000000000000000000000D /* TESTING.md */,
				A1000000000000000000000E /* SECURITY_AUDIT.md */,
				A10000000000000000000303 /* Products */,
			);
			sourceTree = "<group>";
		};
		A10000000000000000000301 /* Sources */ = {
			isa = PBXGroup;
			children = (
				A10000000000000000000304 /* LocalShot */,
			);
			path = Sources;
			sourceTree = "<group>";
		};
		A10000000000000000000302 /* Config */ = {
			isa = PBXGroup;
			children = (
				A10000000000000000000008 /* Info.plist */,
				A10000000000000000000009 /* LocalShot.entitlements */,
				A1000000000000000000000A /* PrivacyInfo.xcprivacy */,
			);
			path = Config;
			sourceTree = "<group>";
		};
		A10000000000000000000303 /* Products */ = {
			isa = PBXGroup;
			children = (
				A1000000000000000000000F /* LocalShot.app */,
			);
			name = Products;
			sourceTree = "<group>";
		};
		A10000000000000000000304 /* LocalShot */ = {
			isa = PBXGroup;
			children = (
				A10000000000000000000001 /* AppMain.swift */,
				A10000000000000000000002 /* AppDelegate.swift */,
				A10000000000000000000003 /* CaptureService.swift */,
				A10000000000000000000004 /* EditorWindowController.swift */,
				A10000000000000000000005 /* HotKeyManager.swift */,
				A10000000000000000000006 /* RegionCaptureController.swift */,
				A10000000000000000000007 /* SettingsStore.swift */,
			);
			path = LocalShot;
			sourceTree = "<group>";
		};
		A10000000000000000000305 /* Assets */ = {
			isa = PBXGroup;
			children = (
				A10000000000000000000010 /* Assets.xcassets */,
			);
			path = Assets;
			sourceTree = "<group>";
		};
/* End PBXGroup section */

/* Begin PBXNativeTarget section */
		A10000000000000000000400 /* LocalShot */ = {
			isa = PBXNativeTarget;
			buildConfigurationList = A10000000000000000000601 /* Build configuration list for PBXNativeTarget "LocalShot" */;
			buildPhases = (
				A10000000000000000000201 /* Sources */,
				A10000000000000000000202 /* Resources */,
				A10000000000000000000203 /* Frameworks */,
			);
			buildRules = (
			);
			dependencies = (
			);
			name = LocalShot;
			productName = LocalShot;
			productReference = A1000000000000000000000F /* LocalShot.app */;
			productType = "com.apple.product-type.application";
		};
/* End PBXNativeTarget section */

/* Begin PBXProject section */
		A10000000000000000000500 /* Project object */ = {
			isa = PBXProject;
			attributes = {
				BuildIndependentTargetsInParallel = 1;
				LastSwiftUpdateCheck = 2700;
				LastUpgradeCheck = 2700;
				TargetAttributes = {
					A10000000000000000000400 = {
						CreatedOnToolsVersion = 27.0;
					};
				};
			};
			buildConfigurationList = A10000000000000000000600 /* Build configuration list for PBXProject "LocalShot" */;
			compatibilityVersion = "Xcode 14.0";
			developmentRegion = zh_CN;
			hasScannedForEncodings = 0;
			knownRegions = (
				Base,
				en,
				zh_CN,
			);
			mainGroup = A10000000000000000000300;
			productRefGroup = A10000000000000000000303 /* Products */;
			projectDirPath = "";
			projectRoot = "";
			targets = (
				A10000000000000000000400 /* LocalShot */,
			);
		};
/* End PBXProject section */

/* Begin PBXResourcesBuildPhase section */
		A10000000000000000000202 /* Resources */ = {
			isa = PBXResourcesBuildPhase;
			buildActionMask = 2147483647;
			files = (
				A10000000000000000000108 /* PrivacyInfo.xcprivacy in Resources */,
				A10000000000000000000109 /* Assets.xcassets in Resources */,
			);
			runOnlyForDeploymentPostprocessing = 0;
		};
/* End PBXResourcesBuildPhase section */

/* Begin PBXSourcesBuildPhase section */
		A10000000000000000000201 /* Sources */ = {
			isa = PBXSourcesBuildPhase;
			buildActionMask = 2147483647;
			files = (
				A10000000000000000000101 /* AppMain.swift in Sources */,
				A10000000000000000000102 /* AppDelegate.swift in Sources */,
				A10000000000000000000103 /* CaptureService.swift in Sources */,
				A10000000000000000000104 /* EditorWindowController.swift in Sources */,
				A10000000000000000000105 /* HotKeyManager.swift in Sources */,
				A10000000000000000000106 /* RegionCaptureController.swift in Sources */,
				A10000000000000000000107 /* SettingsStore.swift in Sources */,
			);
			runOnlyForDeploymentPostprocessing = 0;
		};
/* End PBXSourcesBuildPhase section */

/* Begin XCBuildConfiguration section */
		A10000000000000000000700 /* Debug */ = {
			isa = XCBuildConfiguration;
			buildSettings = {
				CLANG_ENABLE_MODULES = YES;
				MACOSX_DEPLOYMENT_TARGET = 14.0;
				SDKROOT = macosx;
				SWIFT_VERSION = 5.0;
			};
			name = Debug;
		};
		A10000000000000000000701 /* Release */ = {
			isa = XCBuildConfiguration;
			buildSettings = {
				CLANG_ENABLE_MODULES = YES;
				MACOSX_DEPLOYMENT_TARGET = 14.0;
				SDKROOT = macosx;
				SWIFT_COMPILATION_MODE = wholemodule;
				SWIFT_OPTIMIZATION_LEVEL = "-O";
				SWIFT_VERSION = 5.0;
			};
			name = Release;
		};
		A10000000000000000000702 /* Debug */ = {
			isa = XCBuildConfiguration;
			buildSettings = {
				ASSETCATALOG_COMPILER_APPICON_NAME = AppIcon;
				CODE_SIGN_ENTITLEMENTS = Config/LocalShot.entitlements;
				CODE_SIGN_IDENTITY = "-";
				CODE_SIGN_STYLE = Manual;
				COMBINE_HIDPI_IMAGES = YES;
				CURRENT_PROJECT_VERSION = 13;
				ENABLE_HARDENED_RUNTIME = YES;
				GENERATE_INFOPLIST_FILE = NO;
				INFOPLIST_FILE = Config/Info.plist;
				LD_RUNPATH_SEARCH_PATHS = "$(inherited) @executable_path/../Frameworks";
				MARKETING_VERSION = 0.1.12;
				PRODUCT_BUNDLE_IDENTIFIER = com.localshot.app;
				PRODUCT_NAME = "$(TARGET_NAME)";
				SWIFT_EMIT_LOC_STRINGS = YES;
				SWIFT_VERSION = 5.0;
			};
			name = Debug;
		};
		A10000000000000000000703 /* Release */ = {
			isa = XCBuildConfiguration;
			buildSettings = {
				ASSETCATALOG_COMPILER_APPICON_NAME = AppIcon;
				CODE_SIGN_ENTITLEMENTS = Config/LocalShot.entitlements;
				CODE_SIGN_IDENTITY = "-";
				CODE_SIGN_STYLE = Manual;
				COMBINE_HIDPI_IMAGES = YES;
				CURRENT_PROJECT_VERSION = 13;
				ENABLE_HARDENED_RUNTIME = YES;
				GENERATE_INFOPLIST_FILE = NO;
				INFOPLIST_FILE = Config/Info.plist;
				LD_RUNPATH_SEARCH_PATHS = "$(inherited) @executable_path/../Frameworks";
				MARKETING_VERSION = 0.1.12;
				PRODUCT_BUNDLE_IDENTIFIER = com.localshot.app;
				PRODUCT_NAME = "$(TARGET_NAME)";
				SWIFT_EMIT_LOC_STRINGS = YES;
				SWIFT_VERSION = 5.0;
			};
			name = Release;
		};
/* End XCBuildConfiguration section */

/* Begin XCConfigurationList section */
		A10000000000000000000600 /* Build configuration list for PBXProject "LocalShot" */ = {
			isa = XCConfigurationList;
			buildConfigurations = (
				A10000000000000000000700 /* Debug */,
				A10000000000000000000701 /* Release */,
			);
			defaultConfigurationIsVisible = 0;
			defaultConfigurationName = Release;
		};
		A10000000000000000000601 /* Build configuration list for PBXNativeTarget "LocalShot" */ = {
			isa = XCConfigurationList;
			buildConfigurations = (
				A10000000000000000000702 /* Debug */,
				A10000000000000000000703 /* Release */,
			);
			defaultConfigurationIsVisible = 0;
			defaultConfigurationName = Release;
		};
/* End XCConfigurationList section */
	};
	rootObject = A10000000000000000000500 /* Project object */;
}
